
Microsoft Visual Studio Solution File, Format Version 12.00
# Visual Studio Version 17
VisualStudioVersion = 17.9.34902.65
MinimumVisualStudioVersion = 10.0.40219.1
Project("{FAE04EC0-301F-11D3-BF4B-00C04F79EFBC}") = "gitapp", "gitapp\gitapp.csproj", "{A3F3349C-EFFB-4EA8-8798-7783EAB1CB46}"
EndProject
Global
	GlobalSection(SolutionConfigurationPlatforms) = preSolution
		Debug|Any CPU = Debug|Any CPU
		Release|Any CPU = Release|Any CPU
	EndGlobalSection
	GlobalSection(ProjectConfigurationPlatforms) = postSolution
		{A3F3349C-EFFB-4EA8-8798-7783EAB1CB46}.Debug|Any CPU.ActiveCfg = Debug|Any CPU
		{A3F3349C-EFFB-4EA8-8798-7783EAB1CB46}.Debug|Any CPU.Build.0 = Debug|Any CPU
		{A3F3349C-EFFB-4EA8-8798-7783EAB1CB46}.Release|Any CPU.ActiveCfg = Release|Any CPU
		{A3F3349C-EFFB-4EA8-8798-7783EAB1CB46}.Release|Any CPU.Build.0 = Release|Any CPU
	EndGlobalSection
	GlobalSection(SolutionProperties) = preSolution
		HideSolutionNode = FALSE
	EndGlobalSection
	GlobalSection(ExtensibilityGlobals) = postSolution
		SolutionGuid = {3B2CF0D4-C45F-4C6E-A815-9C037AA2216D}
	EndGlobalSection
EndGlobal
